
Microsoft Visual Studio Solution File, Format Version 12.00
# Visual Studio Version 17
VisualStudioVersion = 17.9.34616.47
MinimumVisualStudioVersion = 10.0.40219.1
Project("{FAE04EC0-301F-11D3-BF4B-00C04F79EFBC}") = "MusicPlayerInC#", "MusicPlayerInC#\MusicPlayerInC#.csproj", "{F5939BE8-DFF5-46FD-A84A-191B8021D794}"
EndProject
Global
	GlobalSection(SolutionConfigurationPlatforms) = preSolution
		Debug|Any CPU = Debug|Any CPU
		Release|Any CPU = Release|Any CPU
	EndGlobalSection
	GlobalSection(ProjectConfigurationPlatforms) = postSolution
		{F5939BE8-DFF5-46FD-A84A-191B8021D794}.Debug|Any CPU.ActiveCfg = Debug|Any CPU
		{F5939BE8-DFF5-46FD-A84A-191B8021D794}.Debug|Any CPU.Build.0 = Debug|Any CPU
		{F5939BE8-DFF5-46FD-A84A-191B8021D794}.Release|Any CPU.ActiveCfg = Release|Any CPU
		{F5939BE8-DFF5-46FD-A84A-191B8021D794}.Release|Any CPU.Build.0 = Release|Any CPU
	EndGlobalSection
	GlobalSection(SolutionProperties) = preSolution
		HideSolutionNode = FALSE
	EndGlobalSection
	GlobalSection(ExtensibilityGlobals) = postSolution
		SolutionGuid = {079479A4-9D5C-4BFA-A579-82937251B1D4}
	EndGlobalSection
EndGlobal
